
Microsoft Visual Studio Solution File, Format Version 11.00
# Visual Studio 2010
Project("{FAE04EC0-301F-11D3-BF4B-00C04F79EFBC}") = "BOM", "BOM\BOM.csproj", "{3C9F97FA-24B8-48B0-B964-304CC6E8DD58}"
EndProject
Global
	GlobalSection(SolutionConfigurationPlatforms) = preSolution
		Debug|x86 = Debug|x86
		Release|x86 = Release|x86
	EndGlobalSection
	GlobalSection(ProjectConfigurationPlatforms) = postSolution
		{3C9F97FA-24B8-48B0-B964-304CC6E8DD58}.Debug|x86.ActiveCfg = Debug|x86
		{3C9F97FA-24B8-48B0-B964-304CC6E8DD58}.Debug|x86.Build.0 = Debug|x86
		{3C9F97FA-24B8-48B0-B964-304CC6E8DD58}.Release|x86.ActiveCfg = Release|x86
		{3C9F97FA-24B8-48B0-B964-304CC6E8DD58}.Release|x86.Build.0 = Release|x86
	EndGlobalSection
	GlobalSection(SolutionProperties) = preSolution
		HideSolutionNode = FALSE
	EndGlobalSection
EndGlobal
